{
  "name": "graded-kanji-examples",
  "lockfileVersion": 2,
  "requires": true,
  "packages": {
    "": {
      "dependencies": {
        "onkun": "^0.1.1",
        "yomi-dict": "^0.1.1"
      }
    },
    "node_modules/onkun": {
      "version": "0.1.1",
      "resolved": "https://registry.npmjs.org/onkun/-/onkun-0.1.1.tgz",
      "integrity": "sha512-IswN3ipreYyIWXN8KxnP5hGIBK7zSoCQQI0MPlfPNLjIp6ZeQhqscMdHH0DF92JWPmv3jPmNp0pF3xpF7jnwpw=="
    },
    "node_modules/yomi-dict": {
      "version": "0.1.1",
      "resolved": "https://registry.npmjs.org/yomi-dict/-/yomi-dict-0.1.1.tgz",
      "integrity": "sha512-NwRm+pN8DJt3WHwcQjSPzS3klD7eo/JMCzy7mtha6FYtnNKxH9yWBLg+1mynFEbivSxkGVs9AhDM8QsFmAQblA=="
    }
  },
  "dependencies": {
    "onkun": {
      "version": "0.1.1",
      "resolved": "https://registry.npmjs.org/onkun/-/onkun-0.1.1.tgz",
      "integrity": "sha512-IswN3ipreYyIWXN8KxnP5hGIBK7zSoCQQI0MPlfPNLjIp6ZeQhqscMdHH0DF92JWPmv3jPmNp0pF3xpF7jnwpw=="
    },
    "yomi-dict": {
      "version": "0.1.1",
      "resolved": "https://registry.npmjs.org/yomi-dict/-/yomi-dict-0.1.1.tgz",
      "integrity": "sha512-NwRm+pN8DJt3WHwcQjSPzS3klD7eo/JMCzy7mtha6FYtnNKxH9yWBLg+1mynFEbivSxkGVs9AhDM8QsFmAQblA=="
    }
  }
}
